// !$*UTF8*$!
{
	archiveVersion = 1;
	classes = {
	};
	objectVersion = 50;
	objects = {

/* Begin PBXBuildFile section */
		134AD67723FA0D1C007C4DD7 /* AppDelegate.swift in Sources */ = {isa = PBXBuildFile; fileRef = 134AD67623FA0D1C007C4DD7 /* AppDelegate.swift */; };
		134AD67923FA0D1C007C4DD7 /* SceneDelegate.swift in Sources */ = {isa = PBXBuildFile; fileRef = 134AD67823FA0D1C007C4DD7 /* SceneDelegate.swift */; };
		134AD67B23FA0D1C007C4DD7 /* AnimationsDisplayController.swift in Sources */ = {isa = PBXBuildFile; fileRef = 134AD67A23FA0D1C007C4DD7 /* AnimationsDisplayController.swift */; };
		134AD68023FA0D20007C4DD7 /* Assets.xcassets in Resources */ = {isa = PBXBuildFile; fileRef = 134AD67F23FA0D20007C4DD7 /* Assets.xcassets */; };
		134AD68323FA0D20007C4DD7 /* LaunchScreen.storyboard in Resources */ = {isa = PBXBuildFile; fileRef = 134AD68123FA0D20007C4DD7 /* LaunchScreen.storyboard */; };
		134AD68B23FA0E49007C4DD7 /* AnimationsTabBarController.swift in Sources */ = {isa = PBXBuildFile; fileRef = 134AD68A23FA0E49007C4DD7 /* AnimationsTabBarController.swift */; };
/* End PBXBuildFile section */

/* Begin PBXFileReference section */
		134AD67323FA0D1C007C4DD7 /* Animations two lab.app */ = {isa = PBXFileReference; explicitFileType = wrapper.application; includeInIndex = 0; path = "Animations two lab.app"; sourceTree = BUILT_PRODUCTS_DIR; };
		134AD67623FA0D1C007C4DD7 /* AppDelegate.swift */ = {isa = PBXFileReference; lastKnownFileType = sourcecode.swift; path = AppDelegate.swift; sourceTree = "<group>"; };
		134AD67823FA0D1C007C4DD7 /* SceneDelegate.swift */ = {isa = PBXFileReference; lastKnownFileType = sourcecode.swift; path = SceneDelegate.swift; sourceTree = "<group>"; };
		134AD67A23FA0D1C007C4DD7 /* AnimationsDisplayController.swift */ = {isa = PBXFileReference; lastKnownFileType = sourcecode.swift; path = AnimationsDisplayController.swift; sourceTree = "<group>"; };
		134AD67F23FA0D20007C4DD7 /* Assets.xcassets */ = {isa = PBXFileReference; lastKnownFileType = folder.assetcatalog; path = Assets.xcassets; sourceTree = "<group>"; };
		134AD68223FA0D20007C4DD7 /* Base */ = {isa = PBXFileReference; lastKnownFileType = file.storyboard; name = Base; path = Base.lproj/LaunchScreen.storyboard; sourceTree = "<group>"; };
		134AD68423FA0D20007C4DD7 /* Info.plist */ = {isa = PBXFileReference; lastKnownFileType = text.plist.xml; path = Info.plist; sourceTree = "<group>"; };
		134AD68A23FA0E49007C4DD7 /* AnimationsTabBarController.swift */ = {isa = PBXFileReference; lastKnownFileType = sourcecode.swift; path = AnimationsTabBarController.swift; sourceTree = "<group>"; };
/* End PBXFileReference section */

/* Begin PBXFrameworksBuildPhase section */
		134AD67023FA0D1C007C4DD7 /* Frameworks */ = {
			isa = PBXFrameworksBuildPhase;
			buildActionMask = 2147483647;
			files = (
			);
			runOnlyForDeploymentPostprocessing = 0;
		};
/* End PBXFrameworksBuildPhase section */

/* Begin PBXGroup section */
		134AD66A23FA0D1C007C4DD7 = {
			isa = PBXGroup;
			children = (
				134AD67523FA0D1C007C4DD7 /* Animations two lab */,
				134AD67423FA0D1C007C4DD7 /* Products */,
			);
			sourceTree = "<group>";
		};
		134AD67423FA0D1C007C4DD7 /* Products */ = {
			isa = PBXGroup;
			children = (
				134AD67323FA0D1C007C4DD7 /* Animations two lab.app */,
			);
			name = Products;
			sourceTree = "<group>";
		};
		134AD67523FA0D1C007C4DD7 /* Animations two lab */ = {
			isa = PBXGroup;
			children = (
				134AD67623FA0D1C007C4DD7 /* AppDelegate.swift */,
				134AD67823FA0D1C007C4DD7 /* SceneDelegate.swift */,
				134AD68A23FA0E49007C4DD7 /* AnimationsTabBarController.swift */,
				134AD67A23FA0D1C007C4DD7 /* AnimationsDisplayController.swift */,
				134AD67F23FA0D20007C4DD7 /* Assets.xcassets */,
				134AD68123FA0D20007C4DD7 /* LaunchScreen.storyboard */,
				134AD68423FA0D20007C4DD7 /* Info.plist */,
			);
			path = "Animations two lab";
			sourceTree = "<group>";
		};
/* End PBXGroup section */

/* Begin PBXNativeTarget section */
		134AD67223FA0D1C007C4DD7 /* Animations two lab */ = {
			isa = PBXNativeTarget;
			buildConfigurationList = 134AD68723FA0D20007C4DD7 /* Build configuration list for PBXNativeTarget "Animations two lab" */;
			buildPhases = (
				134AD66F23FA0D1C007C4DD7 /* Sources */,
				134AD67023FA0D1C007C4DD7 /* Frameworks */,
				134AD67123FA0D1C007C4DD7 /* Resources */,
			);
			buildRules = (
			);
			dependencies = (
			);
			name = "Animations two lab";
			productName = "Animations two lab";
			productReference = 134AD67323FA0D1C007C4DD7 /* Animations two lab.app */;
			productType = "com.apple.product-type.application";
		};
/* End PBXNativeTarget section */

/* Begin PBXProject section */
		134AD66B23FA0D1C007C4DD7 /* Project object */ = {
			isa = PBXProject;
			attributes = {
				LastSwiftUpdateCheck = 1120;
				LastUpgradeCheck = 1120;
				ORGANIZATIONNAME = "Christian Hurtado";
				TargetAttributes = {
					134AD67223FA0D1C007C4DD7 = {
						CreatedOnToolsVersion = 11.2;
					};
				};
			};
			buildConfigurationList = 134AD66E23FA0D1C007C4DD7 /* Build configuration list for PBXProject "Animations two lab" */;
			compatibilityVersion = "Xcode 9.3";
			developmentRegion = en;
			hasScannedForEncodings = 0;
			knownRegions = (
				en,
				Base,
			);
			mainGroup = 134AD66A23FA0D1C007C4DD7;
			productRefGroup = 134AD67423FA0D1C007C4DD7 /* Products */;
			projectDirPath = "";
			projectRoot = "";
			targets = (
				134AD67223FA0D1C007C4DD7 /* Animations two lab */,
			);
		};
/* End PBXProject section */

/* Begin PBXResourcesBuildPhase section */
		134AD67123FA0D1C007C4DD7 /* Resources */ = {
			isa = PBXResourcesBuildPhase;
			buildActionMask = 2147483647;
			files = (
				134AD68323FA0D20007C4DD7 /* LaunchScreen.storyboard in Resources */,
				134AD68023FA0D20007C4DD7 /* Assets.xcassets in Resources */,
			);
			runOnlyForDeploymentPostprocessing = 0;
		};
/* End PBXResourcesBuildPhase section */

/* Begin PBXSourcesBuildPhase section */
		134AD66F23FA0D1C007C4DD7 /* Sources */ = {
			isa = PBXSourcesBuildPhase;
			buildActionMask = 2147483647;
			files = (
				134AD68B23FA0E49007C4DD7 /* AnimationsTabBarController.swift in Sources */,
				134AD67B23FA0D1C007C4DD7 /* AnimationsDisplayController.swift in Sources */,
				134AD67723FA0D1C007C4DD7 /* AppDelegate.swift in Sources */,
				134AD67923FA0D1C007C4DD7 /* SceneDelegate.swift in Sources */,
			);
			runOnlyForDeploymentPostprocessing = 0;
		};
/* End PBXSourcesBuildPhase section */

/* Begin PBXVariantGroup section */
		134AD68123FA0D20007C4DD7 /* LaunchScreen.storyboard */ = {
			isa = PBXVariantGroup;
			children = (
				134AD68223FA0D20007C4DD7 /* Base */,
			);
			name = LaunchScreen.storyboard;
			sourceTree = "<group>";
		};
/* End PBXVariantGroup section */

/* Begin XCBuildConfiguration section */
		134AD68523FA0D20007C4DD7 /* Debug */ = {
			isa = XCBuildConfiguration;
			buildSettings = {
				ALWAYS_SEARCH_USER_PATHS = NO;
				CLANG_ANALYZER_NONNULL = YES;
				CLANG_ANALYZER_NUMBER_OBJECT_CONVERSION = YES_AGGRESSIVE;
				CLANG_CXX_LANGUAGE_STANDARD = "gnu++14";
				CLANG_CXX_LIBRARY = "libc++";
				CLANG_ENABLE_MODULES = YES;
				CLANG_ENABLE_OBJC_ARC = YES;
				CLANG_ENABLE_OBJC_WEAK = YES;
				CLANG_WARN_BLOCK_CAPTURE_AUTORELEASING = YES;
				CLANG_WARN_BOOL_CONVERSION = YES;
				CLANG_WARN_COMMA = YES;
				CLANG_WARN_CONSTANT_CONVERSION = YES;
				CLANG_WARN_DEPRECATED_OBJC_IMPLEMENTATIONS = YES;
				CLANG_WARN_DIRECT_OBJC_ISA_USAGE = YES_ERROR;
				CLANG_WARN_DOCUMENTATION_COMMENTS = YES;
				CLANG_WARN_EMPTY_BODY = YES;
				CLANG_WARN_ENUM_CONVERSION = YES;
				CLANG_WARN_INFINITE_RECURSION = YES;
				CLANG_WARN_INT_CONVERSION = YES;
				CLANG_WARN_NON_LITERAL_NULL_CONVERSION = YES;
				CLANG_WARN_OBJC_IMPLICIT_RETAIN_SELF = YES;
				CLANG_WARN_OBJC_LITERAL_CONVERSION = YES;
				CLANG_WARN_OBJC_ROOT_CLASS = YES_ERROR;
				CLANG_WARN_RANGE_LOOP_ANALYSIS = YES;
				CLANG_WARN_STRICT_PROTOTYPES = YES;
				CLANG_WARN_SUSPICIOUS_MOVE = YES;
				CLANG_WARN_UNGUARDED_AVAILABILITY = YES_AGGRESSIVE;
				CLANG_WARN_UNREACHABLE_CODE = YES;
				CLANG_WARN__DUPLICATE_METHOD_MATCH = YES;
				COPY_PHASE_STRIP = NO;
				DEBUG_INFORMATION_FORMAT = dwarf;
				ENABLE_STRICT_OBJC_MSGSEND = YES;
				ENABLE_TESTABILITY = YES;
				GCC_C_LANGUAGE_STANDARD = gnu11;
				GCC_DYNAMIC_NO_PIC = NO;
				GCC_NO_COMMON_BLOCKS = YES;
				GCC_OPTIMIZATION_LEVEL = 0;
				GCC_PREPROCESSOR_DEFINITIONS = (
					"DEBUG=1",
					"$(inherited)",
				);
				GCC_WARN_64_TO_32_BIT_CONVERSION = YES;
				GCC_WARN_ABOUT_RETURN_TYPE = YES_ERROR;
				GCC_WARN_UNDECLARED_SELECTOR = YES;
				GCC_WARN_UNINITIALIZED_AUTOS = YES_AGGRESSIVE;
				GCC_WARN_UNUSED_FUNCTION = YES;
				GCC_WARN_UNUSED_VARIABLE = YES;
				IPHONEOS_DEPLOYMENT_TARGET = 13.2;
				MTL_ENABLE_DEBUG_INFO = INCLUDE_SOURCE;
				MTL_FAST_MATH = YES;
				ONLY_ACTIVE_ARCH = YES;
				SDKROOT = iphoneos;
				SWIFT_ACTIVE_COMPILATION_CONDITIONS = DEBUG;
				SWIFT_OPTIMIZATION_LEVEL = "-Onone";
			};
			name = Debug;
		};
		134AD68623FA0D20007C4DD7 /* Release */ = {
			isa = XCBuildConfiguration;
			buildSettings = {
				ALWAYS_SEARCH_USER_PATHS = NO;
				CLANG_ANALYZER_NONNULL = YES;
				CLANG_ANALYZER_NUMBER_OBJECT_CONVERSION = YES_AGGRESSIVE;
				CLANG_CXX_LANGUAGE_STANDARD = "gnu++14";
				CLANG_CXX_LIBRARY = "libc++";
				CLANG_ENABLE_MODULES = YES;
				CLANG_ENABLE_OBJC_ARC = YES;
				CLANG_ENABLE_OBJC_WEAK = YES;
				CLANG_WARN_BLOCK_CAPTURE_AUTORELEASING = YES;
				CLANG_WARN_BOOL_CONVERSION = YES;
				CLANG_WARN_COMMA = YES;
				CLANG_WARN_CONSTANT_CONVERSION = YES;
				CLANG_WARN_DEPRECATED_OBJC_IMPLEMENTATIONS = YES;
				CLANG_WARN_DIRECT_OBJC_ISA_USAGE = YES_ERROR;
				CLANG_WARN_DOCUMENTATION_COMMENTS = YES;
				CLANG_WARN_EMPTY_BODY = YES;
				CLANG_WARN_ENUM_CONVERSION = YES;
				CLANG_WARN_INFINITE_RECURSION = YES;
				CLANG_WARN_INT_CONVERSION = YES;
				CLANG_WARN_NON_LITERAL_NULL_CONVERSION = YES;
				CLANG_WARN_OBJC_IMPLICIT_RETAIN_SELF = YES;
				CLANG_WARN_OBJC_LITERAL_CONVERSION = YES;
				CLANG_WARN_OBJC_ROOT_CLASS = YES_ERROR;
				CLANG_WARN_RANGE_LOOP_ANALYSIS = YES;
				CLANG_WARN_STRICT_PROTOTYPES = YES;
				CLANG_WARN_SUSPICIOUS_MOVE = YES;
				CLANG_WARN_UNGUARDED_AVAILABILITY = YES_AGGRESSIVE;
				CLANG_WARN_UNREACHABLE_CODE = YES;
				CLANG_WARN__DUPLICATE_METHOD_MATCH = YES;
				COPY_PHASE_STRIP = NO;
				DEBUG_INFORMATION_FORMAT = "dwarf-with-dsym";
				ENABLE_NS_ASSERTIONS = NO;
				ENABLE_STRICT_OBJC_MSGSEND = YES;
				GCC_C_LANGUAGE_STANDARD = gnu11;
				GCC_NO_COMMON_BLOCKS = YES;
				GCC_WARN_64_TO_32_BIT_CONVERSION = YES;
				GCC_WARN_ABOUT_RETURN_TYPE = YES_ERROR;
				GCC_WARN_UNDECLARED_SELECTOR = YES;
				GCC_WARN_UNINITIALIZED_AUTOS = YES_AGGRESSIVE;
				GCC_WARN_UNUSED_FUNCTION = YES;
				GCC_WARN_UNUSED_VARIABLE = YES;
				IPHONEOS_DEPLOYMENT_TARGET = 13.2;
				MTL_ENABLE_DEBUG_INFO = NO;
				MTL_FAST_MATH = YES;
				SDKROOT = iphoneos;
				SWIFT_COMPILATION_MODE = wholemodule;
				SWIFT_OPTIMIZATION_LEVEL = "-O";
				VALIDATE_PRODUCT = YES;
			};
			name = Release;
		};
		134AD68823FA0D20007C4DD7 /* Debug */ = {
			isa = XCBuildConfiguration;
			buildSettings = {
				ASSETCATALOG_COMPILER_APPICON_NAME = AppIcon;
				CODE_SIGN_STYLE = Automatic;
				DEVELOPMENT_TEAM = 5YYJ8TDUCW;
				INFOPLIST_FILE = "Animations two lab/Info.plist";
				LD_RUNPATH_SEARCH_PATHS = (
					"$(inherited)",
					"@executable_path/Frameworks",
				);
				PRODUCT_BUNDLE_IDENTIFIER = "com.christianhurtado.Animations-two-lab";
				PRODUCT_NAME = "$(TARGET_NAME)";
				SWIFT_VERSION = 5.0;
				TARGETED_DEVICE_FAMILY = "1,2";
			};
			name = Debug;
		};
		134AD68923FA0D20007C4DD7 /* Release */ = {
			isa = XCBuildConfiguration;
			buildSettings = {
				ASSETCATALOG_COMPILER_APPICON_NAME = AppIcon;
				CODE_SIGN_STYLE = Automatic;
				DEVELOPMENT_TEAM = 5YYJ8TDUCW;
				INFOPLIST_FILE = "Animations two lab/Info.plist";
				LD_RUNPATH_SEARCH_PATHS = (
					"$(inherited)",
					"@executable_path/Frameworks",
				);
				PRODUCT_BUNDLE_IDENTIFIER = "com.christianhurtado.Animations-two-lab";
				PRODUCT_NAME = "$(TARGET_NAME)";
				SWIFT_VERSION = 5.0;
				TARGETED_DEVICE_FAMILY = "1,2";
			};
			name = Release;
		};
/* End XCBuildConfiguration section */

/* Begin XCConfigurationList section */
		134AD66E23FA0D1C007C4DD7 /* Build configuration list for PBXProject "Animations two lab" */ = {
			isa = XCConfigurationList;
			buildConfigurations = (
				134AD68523FA0D20007C4DD7 /* Debug */,
				134AD68623FA0D20007C4DD7 /* Release */,
			);
			defaultConfigurationIsVisible = 0;
			defaultConfigurationName = Release;
		};
		134AD68723FA0D20007C4DD7 /* Build configuration list for PBXNativeTarget "Animations two lab" */ = {
			isa = XCConfigurationList;
			buildConfigurations = (
				134AD68823FA0D20007C4DD7 /* Debug */,
				134AD68923FA0D20007C4DD7 /* Release */,
			);
			defaultConfigurationIsVisible = 0;
			defaultConfigurationName = Release;
		};
/* End XCConfigurationList section */
	};
	rootObject = 134AD66B23FA0D1C007C4DD7 /* Project object */;
}
